# THIS IS AN AUTOGENERATED FILE. DO NOT EDIT THIS FILE DIRECTLY.
# yarn lockfile v1


csv-parse@^4.8.3:
  version "4.8.3"
  resolved "https://registry.yarnpkg.com/csv-parse/-/csv-parse-4.8.3.tgz#9f9b66c3e7e30409dba3d08ecd89eaa04b320659"
  integrity sha512-0GPxubzYzSn08lhNTWDCkcDKn8krmw0WuscqB2RrW6sugGGskbwaaEz7PCFFwbQ0phNGTTieiyfzzu3S/jZZ7Q==

csv-stringify@^5.3.6:
  version "5.3.6"
  resolved "https://registry.yarnpkg.com/csv-stringify/-/csv-stringify-5.3.6.tgz#2655e2e1c01b97b3963bccbc9407b8fb876dc589"
  integrity sha512-kPcRbMvo5NLLD71TAqW5K+g9kbM2HpIZJLAzm73Du8U+5TXmDp9YtXKCBLyxEh0q3Jbg8QhNFBz3b5VJzjZ/jw==

ramda@^0.26.1:
  version "0.26.1"
  resolved "https://registry.yarnpkg.com/ramda/-/ramda-0.26.1.tgz#8d41351eb8111c55353617fc3bbffad8e4d35d06"
  integrity sha512-hLWjpy7EnsDBb0p+Z3B7rPi3GDeRG5ZtiI33kJhTt+ORCd38AbAIjB/9zRIUoeTbE/AVX5ZkU7m6bznsvrf8eQ==
